// !$*UTF8*$!
{
	archiveVersion = 1;
	classes = {
	};
	objectVersion = 50;
	objects = {

/* Begin PBXBuildFile section */
		472609C121D3463E00B08ADD /* AppDelegate.swift in Sources */ = {isa = PBXBuildFile; fileRef = 472609C021D3463E00B08ADD /* AppDelegate.swift */; };
		472609C321D3463E00B08ADD /* ViewController.swift in Sources */ = {isa = PBXBuildFile; fileRef = 472609C221D3463E00B08ADD /* ViewController.swift */; };
		472609C821D3463F00B08ADD /* Assets.xcassets in Resources */ = {isa = PBXBuildFile; fileRef = 472609C721D3463F00B08ADD /* Assets.xcassets */; };
		472609CB21D3463F00B08ADD /* LaunchScreen.storyboard in Resources */ = {isa = PBXBuildFile; fileRef = 472609C921D3463F00B08ADD /* LaunchScreen.storyboard */; };
		472609D421D346F500B08ADD /* Main.storyboard in Resources */ = {isa = PBXBuildFile; fileRef = 472609D221D346F400B08ADD /* Main.storyboard */; };
		472609E121D3473700B08ADD /* ContractsViewController.swift in Sources */ = {isa = PBXBuildFile; fileRef = 472609DD21D3473600B08ADD /* ContractsViewController.swift */; };
		472609E221D3473700B08ADD /* CharacterPickViewController.swift in Sources */ = {isa = PBXBuildFile; fileRef = 472609DE21D3473700B08ADD /* CharacterPickViewController.swift */; };
		472609E321D3473700B08ADD /* CharacterViewController.swift in Sources */ = {isa = PBXBuildFile; fileRef = 472609DF21D3473700B08ADD /* CharacterViewController.swift */; };
		472609E421D3473700B08ADD /* WeaponViewController.swift in Sources */ = {isa = PBXBuildFile; fileRef = 472609E021D3473700B08ADD /* WeaponViewController.swift */; };
		472609E621D3475C00B08ADD /* ArmoryViewController.swift in Sources */ = {isa = PBXBuildFile; fileRef = 472609E521D3475C00B08ADD /* ArmoryViewController.swift */; };
/* End PBXBuildFile section */

/* Begin PBXFileReference section */
		472609BD21D3463E00B08ADD /* RoguePro.app */ = {isa = PBXFileReference; explicitFileType = wrapper.application; includeInIndex = 0; path = RoguePro.app; sourceTree = BUILT_PRODUCTS_DIR; };
		472609C021D3463E00B08ADD /* AppDelegate.swift */ = {isa = PBXFileReference; lastKnownFileType = sourcecode.swift; path = AppDelegate.swift; sourceTree = "<group>"; };
		472609C221D3463E00B08ADD /* ViewController.swift */ = {isa = PBXFileReference; lastKnownFileType = sourcecode.swift; path = ViewController.swift; sourceTree = "<group>"; };
		472609C721D3463F00B08ADD /* Assets.xcassets */ = {isa = PBXFileReference; lastKnownFileType = folder.assetcatalog; path = Assets.xcassets; sourceTree = "<group>"; };
		472609CA21D3463F00B08ADD /* Base */ = {isa = PBXFileReference; lastKnownFileType = file.storyboard; name = Base; path = Base.lproj/LaunchScreen.storyboard; sourceTree = "<group>"; };
		472609CC21D3463F00B08ADD /* Info.plist */ = {isa = PBXFileReference; lastKnownFileType = text.plist.xml; path = Info.plist; sourceTree = "<group>"; };
		472609D321D346F400B08ADD /* Base */ = {isa = PBXFileReference; lastKnownFileType = file.storyboard; name = Base; path = ../Rogue/Rogue/Base.lproj/Main.storyboard; sourceTree = "<group>"; };
		472609DD21D3473600B08ADD /* ContractsViewController.swift */ = {isa = PBXFileReference; lastKnownFileType = sourcecode.swift; path = ContractsViewController.swift; sourceTree = "<group>"; };
		472609DE21D3473700B08ADD /* CharacterPickViewController.swift */ = {isa = PBXFileReference; lastKnownFileType = sourcecode.swift; path = CharacterPickViewController.swift; sourceTree = "<group>"; };
		472609DF21D3473700B08ADD /* CharacterViewController.swift */ = {isa = PBXFileReference; lastKnownFileType = sourcecode.swift; path = CharacterViewController.swift; sourceTree = "<group>"; };
		472609E021D3473700B08ADD /* WeaponViewController.swift */ = {isa = PBXFileReference; lastKnownFileType = sourcecode.swift; path = WeaponViewController.swift; sourceTree = "<group>"; };
		472609E521D3475C00B08ADD /* ArmoryViewController.swift */ = {isa = PBXFileReference; lastKnownFileType = sourcecode.swift; path = ArmoryViewController.swift; sourceTree = "<group>"; };
/* End PBXFileReference section */

/* Begin PBXFrameworksBuildPhase section */
		472609BA21D3463E00B08ADD /* Frameworks */ = {
			isa = PBXFrameworksBuildPhase;
			buildActionMask = 2147483647;
			files = (
			);
			runOnlyForDeploymentPostprocessing = 0;
		};
/* End PBXFrameworksBuildPhase section */

/* Begin PBXGroup section */
		472609B421D3463E00B08ADD = {
			isa = PBXGroup;
			children = (
				472609BF21D3463E00B08ADD /* RoguePro */,
				472609BE21D3463E00B08ADD /* Products */,
			);
			sourceTree = "<group>";
		};
		472609BE21D3463E00B08ADD /* Products */ = {
			isa = PBXGroup;
			children = (
				472609BD21D3463E00B08ADD /* RoguePro.app */,
			);
			name = Products;
			sourceTree = "<group>";
		};
		472609BF21D3463E00B08ADD /* RoguePro */ = {
			isa = PBXGroup;
			children = (
				472609C021D3463E00B08ADD /* AppDelegate.swift */,
				472609C221D3463E00B08ADD /* ViewController.swift */,
				472609DE21D3473700B08ADD /* CharacterPickViewController.swift */,
				472609DF21D3473700B08ADD /* CharacterViewController.swift */,
				472609DD21D3473600B08ADD /* ContractsViewController.swift */,
				472609E021D3473700B08ADD /* WeaponViewController.swift */,
				472609E521D3475C00B08ADD /* ArmoryViewController.swift */,
				472609D221D346F400B08ADD /* Main.storyboard */,
				472609C721D3463F00B08ADD /* Assets.xcassets */,
				472609C921D3463F00B08ADD /* LaunchScreen.storyboard */,
				472609CC21D3463F00B08ADD /* Info.plist */,
			);
			path = RoguePro;
			sourceTree = "<group>";
		};
/* End PBXGroup section */

/* Begin PBXNativeTarget section */
		472609BC21D3463E00B08ADD /* RoguePro */ = {
			isa = PBXNativeTarget;
			buildConfigurationList = 472609CF21D3463F00B08ADD /* Build configuration list for PBXNativeTarget "RoguePro" */;
			buildPhases = (
				472609B921D3463E00B08ADD /* Sources */,
				472609BA21D3463E00B08ADD /* Frameworks */,
				472609BB21D3463E00B08ADD /* Resources */,
			);
			buildRules = (
			);
			dependencies = (
			);
			name = RoguePro;
			productName = RoguePro;
			productReference = 472609BD21D3463E00B08ADD /* RoguePro.app */;
			productType = "com.apple.product-type.application";
		};
/* End PBXNativeTarget section */

/* Begin PBXProject section */
		472609B521D3463E00B08ADD /* Project object */ = {
			isa = PBXProject;
			attributes = {
				LastSwiftUpdateCheck = 1010;
				LastUpgradeCheck = 1010;
				ORGANIZATIONNAME = "Aidan Maldonado";
				TargetAttributes = {
					472609BC21D3463E00B08ADD = {
						CreatedOnToolsVersion = 10.1;
					};
				};
			};
			buildConfigurationList = 472609B821D3463E00B08ADD /* Build configuration list for PBXProject "RoguePro" */;
			compatibilityVersion = "Xcode 9.3";
			developmentRegion = en;
			hasScannedForEncodings = 0;
			knownRegions = (
				en,
				Base,
			);
			mainGroup = 472609B421D3463E00B08ADD;
			productRefGroup = 472609BE21D3463E00B08ADD /* Products */;
			projectDirPath = "";
			projectRoot = "";
			targets = (
				472609BC21D3463E00B08ADD /* RoguePro */,
			);
		};
/* End PBXProject section */

/* Begin PBXResourcesBuildPhase section */
		472609BB21D3463E00B08ADD /* Resources */ = {
			isa = PBXResourcesBuildPhase;
			buildActionMask = 2147483647;
			files = (
				472609CB21D3463F00B08ADD /* LaunchScreen.storyboard in Resources */,
				472609C821D3463F00B08ADD /* Assets.xcassets in Resources */,
				472609D421D346F500B08ADD /* Main.storyboard in Resources */,
			);
			runOnlyForDeploymentPostprocessing = 0;
		};
/* End PBXResourcesBuildPhase section */

/* Begin PBXSourcesBuildPhase section */
		472609B921D3463E00B08ADD /* Sources */ = {
			isa = PBXSourcesBuildPhase;
			buildActionMask = 2147483647;
			files = (
				472609E421D3473700B08ADD /* WeaponViewController.swift in Sources */,
				472609E621D3475C00B08ADD /* ArmoryViewController.swift in Sources */,
				472609E321D3473700B08ADD /* CharacterViewController.swift in Sources */,
				472609C321D3463E00B08ADD /* ViewController.swift in Sources */,
				472609E221D3473700B08ADD /* CharacterPickViewController.swift in Sources */,
				472609E121D3473700B08ADD /* ContractsViewController.swift in Sources */,
				472609C121D3463E00B08ADD /* AppDelegate.swift in Sources */,
			);
			runOnlyForDeploymentPostprocessing = 0;
		};
/* End PBXSourcesBuildPhase section */

/* Begin PBXVariantGroup section */
		472609C921D3463F00B08ADD /* LaunchScreen.storyboard */ = {
			isa = PBXVariantGroup;
			children = (
				472609CA21D3463F00B08ADD /* Base */,
			);
			name = LaunchScreen.storyboard;
			sourceTree = "<group>";
		};
		472609D221D346F400B08ADD /* Main.storyboard */ = {
			isa = PBXVariantGroup;
			children = (
				472609D321D346F400B08ADD /* Base */,
			);
			name = Main.storyboard;
			sourceTree = "<group>";
		};
/* End PBXVariantGroup section */

/* Begin XCBuildConfiguration section */
		472609CD21D3463F00B08ADD /* Debug */ = {
			isa = XCBuildConfiguration;
			buildSettings = {
				ALWAYS_SEARCH_USER_PATHS = NO;
				CLANG_ANALYZER_NONNULL = YES;
				CLANG_ANALYZER_NUMBER_OBJECT_CONVERSION = YES_AGGRESSIVE;
				CLANG_CXX_LANGUAGE_STANDARD = "gnu++14";
				CLANG_CXX_LIBRARY = "libc++";
				CLANG_ENABLE_MODULES = YES;
				CLANG_ENABLE_OBJC_ARC = YES;
				CLANG_ENABLE_OBJC_WEAK = YES;
				CLANG_WARN_BLOCK_CAPTURE_AUTORELEASING = YES;
				CLANG_WARN_BOOL_CONVERSION = YES;
				CLANG_WARN_COMMA = YES;
				CLANG_WARN_CONSTANT_CONVERSION = YES;
				CLANG_WARN_DEPRECATED_OBJC_IMPLEMENTATIONS = YES;
				CLANG_WARN_DIRECT_OBJC_ISA_USAGE = YES_ERROR;
				CLANG_WARN_DOCUMENTATION_COMMENTS = YES;
				CLANG_WARN_EMPTY_BODY = YES;
				CLANG_WARN_ENUM_CONVERSION = YES;
				CLANG_WARN_INFINITE_RECURSION = YES;
				CLANG_WARN_INT_CONVERSION = YES;
				CLANG_WARN_NON_LITERAL_NULL_CONVERSION = YES;
				CLANG_WARN_OBJC_IMPLICIT_RETAIN_SELF = YES;
				CLANG_WARN_OBJC_LITERAL_CONVERSION = YES;
				CLANG_WARN_OBJC_ROOT_CLASS = YES_ERROR;
				CLANG_WARN_RANGE_LOOP_ANALYSIS = YES;
				CLANG_WARN_STRICT_PROTOTYPES = YES;
				CLANG_WARN_SUSPICIOUS_MOVE = YES;
				CLANG_WARN_UNGUARDED_AVAILABILITY = YES_AGGRESSIVE;
				CLANG_WARN_UNREACHABLE_CODE = YES;
				CLANG_WARN__DUPLICATE_METHOD_MATCH = YES;
				CODE_SIGN_IDENTITY = "iPhone Developer";
				COPY_PHASE_STRIP = NO;
				DEBUG_INFORMATION_FORMAT = dwarf;
				ENABLE_STRICT_OBJC_MSGSEND = YES;
				ENABLE_TESTABILITY = YES;
				GCC_C_LANGUAGE_STANDARD = gnu11;
				GCC_DYNAMIC_NO_PIC = NO;
				GCC_NO_COMMON_BLOCKS = YES;
				GCC_OPTIMIZATION_LEVEL = 0;
				GCC_PREPROCESSOR_DEFINITIONS = (
					"DEBUG=1",
					"$(inherited)",
				);
				GCC_WARN_64_TO_32_BIT_CONVERSION = YES;
				GCC_WARN_ABOUT_RETURN_TYPE = YES_ERROR;
				GCC_WARN_UNDECLARED_SELECTOR = YES;
				GCC_WARN_UNINITIALIZED_AUTOS = YES_AGGRESSIVE;
				GCC_WARN_UNUSED_FUNCTION = YES;
				GCC_WARN_UNUSED_VARIABLE = YES;
				IPHONEOS_DEPLOYMENT_TARGET = 12.1;
				MTL_ENABLE_DEBUG_INFO = INCLUDE_SOURCE;
				MTL_FAST_MATH = YES;
				ONLY_ACTIVE_ARCH = YES;
				SDKROOT = iphoneos;
				SWIFT_ACTIVE_COMPILATION_CONDITIONS = DEBUG;
				SWIFT_OPTIMIZATION_LEVEL = "-Onone";
			};
			name = Debug;
		};
		472609CE21D3463F00B08ADD /* Release */ = {
			isa = XCBuildConfiguration;
			buildSettings = {
				ALWAYS_SEARCH_USER_PATHS = NO;
				CLANG_ANALYZER_NONNULL = YES;
				CLANG_ANALYZER_NUMBER_OBJECT_CONVERSION = YES_AGGRESSIVE;
				CLANG_CXX_LANGUAGE_STANDARD = "gnu++14";
				CLANG_CXX_LIBRARY = "libc++";
				CLANG_ENABLE_MODULES = YES;
				CLANG_ENABLE_OBJC_ARC = YES;
				CLANG_ENABLE_OBJC_WEAK = YES;
				CLANG_WARN_BLOCK_CAPTURE_AUTORELEASING = YES;
				CLANG_WARN_BOOL_CONVERSION = YES;
				CLANG_WARN_COMMA = YES;
				CLANG_WARN_CONSTANT_CONVERSION = YES;
				CLANG_WARN_DEPRECATED_OBJC_IMPLEMENTATIONS = YES;
				CLANG_WARN_DIRECT_OBJC_ISA_USAGE = YES_ERROR;
				CLANG_WARN_DOCUMENTATION_COMMENTS = YES;
				CLANG_WARN_EMPTY_BODY = YES;
				CLANG_WARN_ENUM_CONVERSION = YES;
				CLANG_WARN_INFINITE_RECURSION = YES;
				CLANG_WARN_INT_CONVERSION = YES;
				CLANG_WARN_NON_LITERAL_NULL_CONVERSION = YES;
				CLANG_WARN_OBJC_IMPLICIT_RETAIN_SELF = YES;
				CLANG_WARN_OBJC_LITERAL_CONVERSION = YES;
				CLANG_WARN_OBJC_ROOT_CLASS = YES_ERROR;
				CLANG_WARN_RANGE_LOOP_ANALYSIS = YES;
				CLANG_WARN_STRICT_PROTOTYPES = YES;
				CLANG_WARN_SUSPICIOUS_MOVE = YES;
				CLANG_WARN_UNGUARDED_AVAILABILITY = YES_AGGRESSIVE;
				CLANG_WARN_UNREACHABLE_CODE = YES;
				CLANG_WARN__DUPLICATE_METHOD_MATCH = YES;
				CODE_SIGN_IDENTITY = "iPhone Developer";
				COPY_PHASE_STRIP = NO;
				DEBUG_INFORMATION_FORMAT = "dwarf-with-dsym";
				ENABLE_NS_ASSERTIONS = NO;
				ENABLE_STRICT_OBJC_MSGSEND = YES;
				GCC_C_LANGUAGE_STANDARD = gnu11;
				GCC_NO_COMMON_BLOCKS = YES;
				GCC_WARN_64_TO_32_BIT_CONVERSION = YES;
				GCC_WARN_ABOUT_RETURN_TYPE = YES_ERROR;
				GCC_WARN_UNDECLARED_SELECTOR = YES;
				GCC_WARN_UNINITIALIZED_AUTOS = YES_AGGRESSIVE;
				GCC_WARN_UNUSED_FUNCTION = YES;
				GCC_WARN_UNUSED_VARIABLE = YES;
				IPHONEOS_DEPLOYMENT_TARGET = 12.1;
				MTL_ENABLE_DEBUG_INFO = NO;
				MTL_FAST_MATH = YES;
				SDKROOT = iphoneos;
				SWIFT_COMPILATION_MODE = wholemodule;
				SWIFT_OPTIMIZATION_LEVEL = "-O";
				VALIDATE_PRODUCT = YES;
			};
			name = Release;
		};
		472609D021D3463F00B08ADD /* Debug */ = {
			isa = XCBuildConfiguration;
			buildSettings = {
				ASSETCATALOG_COMPILER_APPICON_NAME = AppIcon;
				CODE_SIGN_STYLE = Automatic;
				DEVELOPMENT_TEAM = UBT35TKD8K;
				INFOPLIST_FILE = RoguePro/Info.plist;
				LD_RUNPATH_SEARCH_PATHS = (
					"$(inherited)",
					"@executable_path/Frameworks",
				);
				PRODUCT_BUNDLE_IDENTIFIER = com.aidanmaldonado.RoguePro;
				PRODUCT_NAME = "$(TARGET_NAME)";
				SWIFT_VERSION = 4.2;
				TARGETED_DEVICE_FAMILY = "1,2";
			};
			name = Debug;
		};
		472609D121D3463F00B08ADD /* Release */ = {
			isa = XCBuildConfiguration;
			buildSettings = {
				ASSETCATALOG_COMPILER_APPICON_NAME = AppIcon;
				CODE_SIGN_STYLE = Automatic;
				DEVELOPMENT_TEAM = UBT35TKD8K;
				INFOPLIST_FILE = RoguePro/Info.plist;
				LD_RUNPATH_SEARCH_PATHS = (
					"$(inherited)",
					"@executable_path/Frameworks",
				);
				PRODUCT_BUNDLE_IDENTIFIER = com.aidanmaldonado.RoguePro;
				PRODUCT_NAME = "$(TARGET_NAME)";
				SWIFT_VERSION = 4.2;
				TARGETED_DEVICE_FAMILY = "1,2";
			};
			name = Release;
		};
/* End XCBuildConfiguration section */

/* Begin XCConfigurationList section */
		472609B821D3463E00B08ADD /* Build configuration list for PBXProject "RoguePro" */ = {
			isa = XCConfigurationList;
			buildConfigurations = (
				472609CD21D3463F00B08ADD /* Debug */,
				472609CE21D3463F00B08ADD /* Release */,
			);
			defaultConfigurationIsVisible = 0;
			defaultConfigurationName = Release;
		};
		472609CF21D3463F00B08ADD /* Build configuration list for PBXNativeTarget "RoguePro" */ = {
			isa = XCConfigurationList;
			buildConfigurations = (
				472609D021D3463F00B08ADD /* Debug */,
				472609D121D3463F00B08ADD /* Release */,
			);
			defaultConfigurationIsVisible = 0;
			defaultConfigurationName = Release;
		};
/* End XCConfigurationList section */
	};
	rootObject = 472609B521D3463E00B08ADD /* Project object */;
}
